
Microsoft Visual Studio Solution File, Format Version 12.00
# Visual Studio Version 17
VisualStudioVersion = 17.4.33213.308
MinimumVisualStudioVersion = 10.0.40219.1
Project("{FAE04EC0-301F-11D3-BF4B-00C04F79EFBC}") = "Capa_Datos", "Capa_Datos\Capa_Datos.csproj", "{8769C25E-A237-4866-91CF-A4741B237023}"
EndProject
Project("{FAE04EC0-301F-11D3-BF4B-00C04F79EFBC}") = "CapaEntidades", "CapaEntidades\CapaEntidades.csproj", "{DFE4B3B9-379E-4C4E-9E7D-2B36C31859A1}"
EndProject
Project("{FAE04EC0-301F-11D3-BF4B-00C04F79EFBC}") = "CapaNegocio", "CapaNegocio\CapaNegocio.csproj", "{D65538B1-717C-4DF5-92E5-AD961B3CA792}"
EndProject
Project("{FAE04EC0-301F-11D3-BF4B-00C04F79EFBC}") = "CapaPresentacion", "CapaPresentacion\CapaPresentacion.csproj", "{71561E1A-C4DF-4390-B462-FDD7B1FA74EF}"
EndProject
Global
	GlobalSection(SolutionConfigurationPlatforms) = preSolution
		Debug|Any CPU = Debug|Any CPU
		Release|Any CPU = Release|Any CPU
	EndGlobalSection
	GlobalSection(ProjectConfigurationPlatforms) = postSolution
		{8769C25E-A237-4866-91CF-A4741B237023}.Debug|Any CPU.ActiveCfg = Debug|Any CPU
		{8769C25E-A237-4866-91CF-A4741B237023}.Debug|Any CPU.Build.0 = Debug|Any CPU
		{8769C25E-A237-4866-91CF-A4741B237023}.Release|Any CPU.ActiveCfg = Release|Any CPU
		{8769C25E-A237-4866-91CF-A4741B237023}.Release|Any CPU.Build.0 = Release|Any CPU
		{DFE4B3B9-379E-4C4E-9E7D-2B36C31859A1}.Debug|Any CPU.ActiveCfg = Debug|Any CPU
		{DFE4B3B9-379E-4C4E-9E7D-2B36C31859A1}.Debug|Any CPU.Build.0 = Debug|Any CPU
		{DFE4B3B9-379E-4C4E-9E7D-2B36C31859A1}.Release|Any CPU.ActiveCfg = Release|Any CPU
		{DFE4B3B9-379E-4C4E-9E7D-2B36C31859A1}.Release|Any CPU.Build.0 = Release|Any CPU
		{D65538B1-717C-4DF5-92E5-AD961B3CA792}.Debug|Any CPU.ActiveCfg = Debug|Any CPU
		{D65538B1-717C-4DF5-92E5-AD961B3CA792}.Debug|Any CPU.Build.0 = Debug|Any CPU
		{D65538B1-717C-4DF5-92E5-AD961B3CA792}.Release|Any CPU.ActiveCfg = Release|Any CPU
		{D65538B1-717C-4DF5-92E5-AD961B3CA792}.Release|Any CPU.Build.0 = Release|Any CPU
		{71561E1A-C4DF-4390-B462-FDD7B1FA74EF}.Debug|Any CPU.ActiveCfg = Debug|Any CPU
		{71561E1A-C4DF-4390-B462-FDD7B1FA74EF}.Debug|Any CPU.Build.0 = Debug|Any CPU
		{71561E1A-C4DF-4390-B462-FDD7B1FA74EF}.Release|Any CPU.ActiveCfg = Release|Any CPU
		{71561E1A-C4DF-4390-B462-FDD7B1FA74EF}.Release|Any CPU.Build.0 = Release|Any CPU
	EndGlobalSection
	GlobalSection(SolutionProperties) = preSolution
		HideSolutionNode = FALSE
	EndGlobalSection
	GlobalSection(ExtensibilityGlobals) = postSolution
		SolutionGuid = {A813F81C-8365-44FB-9D15-F7422909D72B}
	EndGlobalSection
EndGlobal
